Microsoft Visual Studio Solution File, Format Version 12.00
# Visual Studio 2012
Project("{FAE04EC0-301F-11D3-BF4B-00C04F79EFBC}") = "TMTV_SJ2025", "TMTV_SJ2025.csproj", "{87B34632-F0A7-45E2-AC49-F64C491B94C5}"
EndProject
Global
	GlobalSection(SolutionConfigurationPlatforms) = preSolution
	Debug|Any CPU = Debug|Any CPU
	ExportDebug|Any CPU = ExportDebug|Any CPU
	ExportRelease|Any CPU = ExportRelease|Any CPU
	EndGlobalSection
	GlobalSection(ProjectConfigurationPlatforms) = postSolution
		{87B34632-F0A7-45E2-AC49-F64C491B94C5}.Debug|Any CPU.ActiveCfg = Debug|Any CPU
		{87B34632-F0A7-45E2-AC49-F64C491B94C5}.Debug|Any CPU.Build.0 = Debug|Any CPU
		{87B34632-F0A7-45E2-AC49-F64C491B94C5}.ExportDebug|Any CPU.ActiveCfg = ExportDebug|Any CPU
		{87B34632-F0A7-45E2-AC49-F64C491B94C5}.ExportDebug|Any CPU.Build.0 = ExportDebug|Any CPU
		{87B34632-F0A7-45E2-AC49-F64C491B94C5}.ExportRelease|Any CPU.ActiveCfg = ExportRelease|Any CPU
		{87B34632-F0A7-45E2-AC49-F64C491B94C5}.ExportRelease|Any CPU.Build.0 = ExportRelease|Any CPU
	EndGlobalSection
EndGlobal
